// !$*UTF8*$!
{
	archiveVersion = 1;
	classes = {
	};
	objectVersion = 55;
	objects = {

/* Begin PBXBuildFile section */
		880E752D2AE60499007FAD5A /* Header.swift in Sources */ = {isa = PBXBuildFile; fileRef = 880E752C2AE60499007FAD5A /* Header.swift */; };
		880E75302AE60937007FAD5A /* UIImage+.swift in Sources */ = {isa = PBXBuildFile; fileRef = 880E752F2AE60937007FAD5A /* UIImage+.swift */; };
		880E75342AE67CC4007FAD5A /* BasicSelection.swift in Sources */ = {isa = PBXBuildFile; fileRef = 880E75332AE67CC4007FAD5A /* BasicSelection.swift */; };
		880E75372AE67DC8007FAD5A /* BasicButton.swift in Sources */ = {isa = PBXBuildFile; fileRef = 880E75362AE67DC8007FAD5A /* BasicButton.swift */; };
		880E753C2AE6BE3A007FAD5A /* BindableViewModel.swift in Sources */ = {isa = PBXBuildFile; fileRef = 880E753B2AE6BE3A007FAD5A /* BindableViewModel.swift */; };
		880E753E2AE6BE59007FAD5A /* Service.swift in Sources */ = {isa = PBXBuildFile; fileRef = 880E753D2AE6BE59007FAD5A /* Service.swift */; };
		880E75402AE6BF2F007FAD5A /* ServicePose.swift in Sources */ = {isa = PBXBuildFile; fileRef = 880E753F2AE6BF2F007FAD5A /* ServicePose.swift */; };
		880E75422AE6BF4B007FAD5A /* APIService.swift in Sources */ = {isa = PBXBuildFile; fileRef = 880E75412AE6BF4B007FAD5A /* APIService.swift */; };
		880E75452AE6BFA3007FAD5A /* Alamofire in Frameworks */ = {isa = PBXBuildFile; productRef = 880E75442AE6BFA3007FAD5A /* Alamofire */; };
		880E75472AE6BFBC007FAD5A /* APISession.swift in Sources */ = {isa = PBXBuildFile; fileRef = 880E75462AE6BFBC007FAD5A /* APISession.swift */; };
		880E75492AE6BFE3007FAD5A /* APIEventLogger.swift in Sources */ = {isa = PBXBuildFile; fileRef = 880E75482AE6BFE3007FAD5A /* APIEventLogger.swift */; };
		880E754D2AE6C06E007FAD5A /* Constants.swift in Sources */ = {isa = PBXBuildFile; fileRef = 880E754C2AE6C06E007FAD5A /* Constants.swift */; };
		880E754F2AE6C188007FAD5A /* PosePick.swift in Sources */ = {isa = PBXBuildFile; fileRef = 880E754E2AE6C188007FAD5A /* PosePick.swift */; };
		880E75522AE6C275007FAD5A /* Data+.swift in Sources */ = {isa = PBXBuildFile; fileRef = 880E75512AE6C275007FAD5A /* Data+.swift */; };
		880E75542AE6C28D007FAD5A /* APIError.swift in Sources */ = {isa = PBXBuildFile; fileRef = 880E75532AE6C28D007FAD5A /* APIError.swift */; };
		880E75562AE6C2F7007FAD5A /* APIInterceptor.swift in Sources */ = {isa = PBXBuildFile; fileRef = 880E75552AE6C2F7007FAD5A /* APIInterceptor.swift */; };
		880E75592AEA8BE2007FAD5A /* EmptyBookmarkView.swift in Sources */ = {isa = PBXBuildFile; fileRef = 880E75582AEA8BE2007FAD5A /* EmptyBookmarkView.swift */; };
		880E755B2AF296E7007FAD5A /* PoseTalk.swift in Sources */ = {isa = PBXBuildFile; fileRef = 880E755A2AF296E7007FAD5A /* PoseTalk.swift */; };
		C94FD2752AE38E26003777EB /* RootViewController.swift in Sources */ = {isa = PBXBuildFile; fileRef = C94FD2742AE38E26003777EB /* RootViewController.swift */; };
		C94FD2772AE38E82003777EB /* AppCoordinator.swift in Sources */ = {isa = PBXBuildFile; fileRef = C94FD2762AE38E82003777EB /* AppCoordinator.swift */; };
		C94FD2792AE38EBD003777EB /* RootCoordinator.swift in Sources */ = {isa = PBXBuildFile; fileRef = C94FD2782AE38EBD003777EB /* RootCoordinator.swift */; };
		C94FD27F2AE395E3003777EB /* PosePickViewController.swift in Sources */ = {isa = PBXBuildFile; fileRef = C94FD27E2AE395E3003777EB /* PosePickViewController.swift */; };
		C94FD2812AE39603003777EB /* PoseTalkViewController.swift in Sources */ = {isa = PBXBuildFile; fileRef = C94FD2802AE39603003777EB /* PoseTalkViewController.swift */; };
		C94FD2832AE3960B003777EB /* PoseFeedViewController.swift in Sources */ = {isa = PBXBuildFile; fileRef = C94FD2822AE3960B003777EB /* PoseFeedViewController.swift */; };
		C94FD2852AE39612003777EB /* BookMarkViewController.swift in Sources */ = {isa = PBXBuildFile; fileRef = C94FD2842AE39612003777EB /* BookMarkViewController.swift */; };
		C94FD2872AE3961D003777EB /* PosePickViewModel.swift in Sources */ = {isa = PBXBuildFile; fileRef = C94FD2862AE3961D003777EB /* PosePickViewModel.swift */; };
		C94FD2892AE39635003777EB /* PoseTalkViewModel.swift in Sources */ = {isa = PBXBuildFile; fileRef = C94FD2882AE39635003777EB /* PoseTalkViewModel.swift */; };
		C94FD28B2AE3963E003777EB /* PoseFeedViewModel.swift in Sources */ = {isa = PBXBuildFile; fileRef = C94FD28A2AE3963E003777EB /* PoseFeedViewModel.swift */; };
		C94FD28D2AE39646003777EB /* BookmarkViewModel.swift in Sources */ = {isa = PBXBuildFile; fileRef = C94FD28C2AE39646003777EB /* BookmarkViewModel.swift */; };
		C94FD2902AE398CF003777EB /* MyPageViewController.swift in Sources */ = {isa = PBXBuildFile; fileRef = C94FD28F2AE398CF003777EB /* MyPageViewController.swift */; };
		C94FD2922AE398D6003777EB /* MyPageViewModel.swift in Sources */ = {isa = PBXBuildFile; fileRef = C94FD2912AE398D6003777EB /* MyPageViewModel.swift */; };
		C94FD2952AE39E5C003777EB /* SnapKit in Frameworks */ = {isa = PBXBuildFile; productRef = C94FD2942AE39E5C003777EB /* SnapKit */; };
		C94FD2982AE39E6B003777EB /* Then in Frameworks */ = {isa = PBXBuildFile; productRef = C94FD2972AE39E6B003777EB /* Then */; };
		C94FD29B2AE3AC3E003777EB /* UIView+.swift in Sources */ = {isa = PBXBuildFile; fileRef = C94FD29A2AE3AC3E003777EB /* UIView+.swift */; };
		C94FD29F2AE3AF4F003777EB /* UnderlineSegmentControl.swift in Sources */ = {isa = PBXBuildFile; fileRef = C94FD29E2AE3AF4F003777EB /* UnderlineSegmentControl.swift */; };
		C94FD2A02AE3B282003777EB /* Pretendard-Black.otf in Resources */ = {isa = PBXBuildFile; fileRef = C9C890B62AE110660010240A /* Pretendard-Black.otf */; };
		C94FD2A12AE3B282003777EB /* Pretendard-Bold.otf in Resources */ = {isa = PBXBuildFile; fileRef = C9C890BB2AE110660010240A /* Pretendard-Bold.otf */; };
		C94FD2A22AE3B282003777EB /* Pretendard-ExtraBold.otf in Resources */ = {isa = PBXBuildFile; fileRef = C9C890BC2AE110660010240A /* Pretendard-ExtraBold.otf */; };
		C94FD2A32AE3B282003777EB /* Pretendard-ExtraLight.otf in Resources */ = {isa = PBXBuildFile; fileRef = C9C890B52AE110660010240A /* Pretendard-ExtraLight.otf */; };
		C94FD2A42AE3B282003777EB /* Pretendard-Light.otf in Resources */ = {isa = PBXBuildFile; fileRef = C9C890B72AE110660010240A /* Pretendard-Light.otf */; };
		C94FD2A52AE3B282003777EB /* Pretendard-Medium.otf in Resources */ = {isa = PBXBuildFile; fileRef = C9C890B92AE110660010240A /* Pretendard-Medium.otf */; };
		C94FD2A62AE3B282003777EB /* Pretendard-Regular.otf in Resources */ = {isa = PBXBuildFile; fileRef = C9C890B82AE110660010240A /* Pretendard-Regular.otf */; };
		C94FD2A72AE3B282003777EB /* Pretendard-SemiBold.otf in Resources */ = {isa = PBXBuildFile; fileRef = C9C890BA2AE110660010240A /* Pretendard-SemiBold.otf */; };
		C94FD2A82AE3B282003777EB /* Pretendard-Thin.otf in Resources */ = {isa = PBXBuildFile; fileRef = C9C890BD2AE110660010240A /* Pretendard-Thin.otf */; };
		C94FD2AB2AE8CEEB003777EB /* Button.swift in Sources */ = {isa = PBXBuildFile; fileRef = C94FD2AA2AE8CEEB003777EB /* Button.swift */; };
		C9C0CDC82AF1D9160041E423 /* Kingfisher in Frameworks */ = {isa = PBXBuildFile; productRef = C9C0CDC72AF1D9160041E423 /* Kingfisher */; };
		C9C0CDCE2AF353AB0041E423 /* ToolTip.swift in Sources */ = {isa = PBXBuildFile; fileRef = C9C0CDCD2AF353AB0041E423 /* ToolTip.swift */; };
		C9C890522AE103A10010240A /* AppDelegate.swift in Sources */ = {isa = PBXBuildFile; fileRef = C9C890512AE103A10010240A /* AppDelegate.swift */; };
		C9C8905B2AE103A30010240A /* Assets.xcassets in Resources */ = {isa = PBXBuildFile; fileRef = C9C8905A2AE103A30010240A /* Assets.xcassets */; };
		C9C8905E2AE103A30010240A /* LaunchScreen.storyboard in Resources */ = {isa = PBXBuildFile; fileRef = C9C8905C2AE103A30010240A /* LaunchScreen.storyboard */; };
		C9C890692AE103A30010240A /* posepickerTests.swift in Sources */ = {isa = PBXBuildFile; fileRef = C9C890682AE103A30010240A /* posepickerTests.swift */; };
		C9C890732AE103A30010240A /* posepickerUITests.swift in Sources */ = {isa = PBXBuildFile; fileRef = C9C890722AE103A30010240A /* posepickerUITests.swift */; };
		C9C890752AE103A30010240A /* posepickerUITestsLaunchTests.swift in Sources */ = {isa = PBXBuildFile; fileRef = C9C890742AE103A30010240A /* posepickerUITestsLaunchTests.swift */; };
		C9C890882AE107090010240A /* BaseViewController.swift in Sources */ = {isa = PBXBuildFile; fileRef = C9C890872AE107090010240A /* BaseViewController.swift */; };
		C9C8908A2AE107180010240A /* ViewModelType.swift in Sources */ = {isa = PBXBuildFile; fileRef = C9C890892AE107180010240A /* ViewModelType.swift */; };
		C9C8908E2AE1073F0010240A /* BaseCollectionViewCell.swift in Sources */ = {isa = PBXBuildFile; fileRef = C9C8908D2AE1073F0010240A /* BaseCollectionViewCell.swift */; };
		C9C890912AE107730010240A /* RxBlocking in Frameworks */ = {isa = PBXBuildFile; productRef = C9C890902AE107730010240A /* RxBlocking */; };
		C9C890932AE107730010240A /* RxCocoa in Frameworks */ = {isa = PBXBuildFile; productRef = C9C890922AE107730010240A /* RxCocoa */; };
		C9C890952AE107730010240A /* RxRelay in Frameworks */ = {isa = PBXBuildFile; productRef = C9C890942AE107730010240A /* RxRelay */; };
		C9C890972AE107730010240A /* RxSwift in Frameworks */ = {isa = PBXBuildFile; productRef = C9C890962AE107730010240A /* RxSwift */; };
		C9C8909D2AE107BC0010240A /* UIColor+.swift in Sources */ = {isa = PBXBuildFile; fileRef = C9C8909C2AE107BC0010240A /* UIColor+.swift */; };
		C9C890A02AE109610010240A /* User.swift in Sources */ = {isa = PBXBuildFile; fileRef = C9C8909F2AE109610010240A /* User.swift */; };
		C9C890A22AE1098B0010240A /* Token.swift in Sources */ = {isa = PBXBuildFile; fileRef = C9C890A12AE1098B0010240A /* Token.swift */; };
		C9C890A92AE10A370010240A /* APIRouter.swift in Sources */ = {isa = PBXBuildFile; fileRef = C9C890A82AE10A370010240A /* APIRouter.swift */; };
		C9C890BF2AE1107B0010240A /* ImageLiteral.swift in Sources */ = {isa = PBXBuildFile; fileRef = C9C890BE2AE1107B0010240A /* ImageLiteral.swift */; };
		C9C890C22AE113590010240A /* Lottie in Frameworks */ = {isa = PBXBuildFile; productRef = C9C890C12AE113590010240A /* Lottie */; };
		C9C890C52AE11BAB0010240A /* UIFont+.swift in Sources */ = {isa = PBXBuildFile; fileRef = C9C890C42AE11BAB0010240A /* UIFont+.swift */; };
		C9DC2F8E2AEA193300D5170D /* PoseFeedCoordinator.swift in Sources */ = {isa = PBXBuildFile; fileRef = C9DC2F8D2AEA193300D5170D /* PoseFeedCoordinator.swift */; };
		C9DC2F902AEA1D5F00D5170D /* PoseFeedFilterViewController.swift in Sources */ = {isa = PBXBuildFile; fileRef = C9DC2F8F2AEA1D5F00D5170D /* PoseFeedFilterViewController.swift */; };
		C9DC2F942AEA282700D5170D /* LeftAlignedCollectionViewFlowLayout.swift in Sources */ = {isa = PBXBuildFile; fileRef = C9DC2F932AEA282600D5170D /* LeftAlignedCollectionViewFlowLayout.swift */; };
		C9DC2F962AEA284900D5170D /* UICollectionView+.swift in Sources */ = {isa = PBXBuildFile; fileRef = C9DC2F952AEA284900D5170D /* UICollectionView+.swift */; };
		C9DC2F992AEA28E300D5170D /* PoseFeedFilterCell.swift in Sources */ = {isa = PBXBuildFile; fileRef = C9DC2F982AEA28E300D5170D /* PoseFeedFilterCell.swift */; };
		C9DC2F9B2AEA290200D5170D /* PoseFeedFilterCellViewModel.swift in Sources */ = {isa = PBXBuildFile; fileRef = C9DC2F9A2AEA290200D5170D /* PoseFeedFilterCellViewModel.swift */; };
		C9DC2F9E2AEA2BB000D5170D /* PoseFeedFilterViewModel.swift in Sources */ = {isa = PBXBuildFile; fileRef = C9DC2F9D2AEA2BB000D5170D /* PoseFeedFilterViewModel.swift */; };
		C9DC2FA32AEA564D00D5170D /* UIScreen+.swift in Sources */ = {isa = PBXBuildFile; fileRef = C9DC2FA22AEA564D00D5170D /* UIScreen+.swift */; };
		C9DC2FA62AEB6E1800D5170D /* FilterTags.swift in Sources */ = {isa = PBXBuildFile; fileRef = C9DC2FA52AEB6E1800D5170D /* FilterTags.swift */; };
		C9DC2FA82AECAD1A00D5170D /* RegisteredFilterCell.swift in Sources */ = {isa = PBXBuildFile; fileRef = C9DC2FA72AECAD1A00D5170D /* RegisteredFilterCell.swift */; };
		C9DC2FAA2AECAD4500D5170D /* RegisteredFilterCellViewModel.swift in Sources */ = {isa = PBXBuildFile; fileRef = C9DC2FA92AECAD4500D5170D /* RegisteredFilterCellViewModel.swift */; };
/* End PBXBuildFile section */

/* Begin PBXContainerItemProxy section */
		C9C890652AE103A30010240A /* PBXContainerItemProxy */ = {
			isa = PBXContainerItemProxy;
			containerPortal = C9C890462AE103A10010240A /* Project object */;
			proxyType = 1;
			remoteGlobalIDString = C9C8904D2AE103A10010240A;
			remoteInfo = posepicker;
		};
		C9C8906F2AE103A30010240A /* PBXContainerItemProxy */ = {
			isa = PBXContainerItemProxy;
			containerPortal = C9C890462AE103A10010240A /* Project object */;
			proxyType = 1;
			remoteGlobalIDString = C9C8904D2AE103A10010240A;
			remoteInfo = posepicker;
		};
/* End PBXContainerItemProxy section */

/* Begin PBXFileReference section */
		880E752C2AE60499007FAD5A /* Header.swift */ = {isa = PBXFileReference; lastKnownFileType = sourcecode.swift; path = Header.swift; sourceTree = "<group>"; };
		880E752F2AE60937007FAD5A /* UIImage+.swift */ = {isa = PBXFileReference; lastKnownFileType = sourcecode.swift; path = "UIImage+.swift"; sourceTree = "<group>"; };
		880E75332AE67CC4007FAD5A /* BasicSelection.swift */ = {isa = PBXFileReference; lastKnownFileType = sourcecode.swift; path = BasicSelection.swift; sourceTree = "<group>"; };
		880E75362AE67DC8007FAD5A /* BasicButton.swift */ = {isa = PBXFileReference; lastKnownFileType = sourcecode.swift; path = BasicButton.swift; sourceTree = "<group>"; };
		880E753B2AE6BE3A007FAD5A /* BindableViewModel.swift */ = {isa = PBXFileReference; lastKnownFileType = sourcecode.swift; path = BindableViewModel.swift; sourceTree = "<group>"; };
		880E753D2AE6BE59007FAD5A /* Service.swift */ = {isa = PBXFileReference; lastKnownFileType = sourcecode.swift; path = Service.swift; sourceTree = "<group>"; };
		880E753F2AE6BF2F007FAD5A /* ServicePose.swift */ = {isa = PBXFileReference; lastKnownFileType = sourcecode.swift; path = ServicePose.swift; sourceTree = "<group>"; };
		880E75412AE6BF4B007FAD5A /* APIService.swift */ = {isa = PBXFileReference; lastKnownFileType = sourcecode.swift; path = APIService.swift; sourceTree = "<group>"; };
		880E75462AE6BFBC007FAD5A /* APISession.swift */ = {isa = PBXFileReference; lastKnownFileType = sourcecode.swift; path = APISession.swift; sourceTree = "<group>"; };
		880E75482AE6BFE3007FAD5A /* APIEventLogger.swift */ = {isa = PBXFileReference; lastKnownFileType = sourcecode.swift; path = APIEventLogger.swift; sourceTree = "<group>"; };
		880E754C2AE6C06E007FAD5A /* Constants.swift */ = {isa = PBXFileReference; lastKnownFileType = sourcecode.swift; path = Constants.swift; sourceTree = "<group>"; };
		880E754E2AE6C188007FAD5A /* PosePick.swift */ = {isa = PBXFileReference; lastKnownFileType = sourcecode.swift; path = PosePick.swift; sourceTree = "<group>"; };
		880E75512AE6C275007FAD5A /* Data+.swift */ = {isa = PBXFileReference; lastKnownFileType = sourcecode.swift; path = "Data+.swift"; sourceTree = "<group>"; };
		880E75532AE6C28D007FAD5A /* APIError.swift */ = {isa = PBXFileReference; lastKnownFileType = sourcecode.swift; path = APIError.swift; sourceTree = "<group>"; };
		880E75552AE6C2F7007FAD5A /* APIInterceptor.swift */ = {isa = PBXFileReference; lastKnownFileType = sourcecode.swift; path = APIInterceptor.swift; sourceTree = "<group>"; };
		880E75582AEA8BE2007FAD5A /* EmptyBookmarkView.swift */ = {isa = PBXFileReference; lastKnownFileType = sourcecode.swift; path = EmptyBookmarkView.swift; sourceTree = "<group>"; };
		880E755A2AF296E7007FAD5A /* PoseTalk.swift */ = {isa = PBXFileReference; lastKnownFileType = sourcecode.swift; path = PoseTalk.swift; sourceTree = "<group>"; };
		C94FD2742AE38E26003777EB /* RootViewController.swift */ = {isa = PBXFileReference; lastKnownFileType = sourcecode.swift; path = RootViewController.swift; sourceTree = "<group>"; };
		C94FD2762AE38E82003777EB /* AppCoordinator.swift */ = {isa = PBXFileReference; lastKnownFileType = sourcecode.swift; path = AppCoordinator.swift; sourceTree = "<group>"; };
		C94FD2782AE38EBD003777EB /* RootCoordinator.swift */ = {isa = PBXFileReference; lastKnownFileType = sourcecode.swift; path = RootCoordinator.swift; sourceTree = "<group>"; };
		C94FD27E2AE395E3003777EB /* PosePickViewController.swift */ = {isa = PBXFileReference; lastKnownFileType = sourcecode.swift; path = PosePickViewController.swift; sourceTree = "<group>"; };
		C94FD2802AE39603003777EB /* PoseTalkViewController.swift */ = {isa = PBXFileReference; lastKnownFileType = sourcecode.swift; path = PoseTalkViewController.swift; sourceTree = "<group>"; };
		C94FD2822AE3960B003777EB /* PoseFeedViewController.swift */ = {isa = PBXFileReference; lastKnownFileType = sourcecode.swift; path = PoseFeedViewController.swift; sourceTree = "<group>"; };
		C94FD2842AE39612003777EB /* BookMarkViewController.swift */ = {isa = PBXFileReference; lastKnownFileType = sourcecode.swift; path = BookMarkViewController.swift; sourceTree = "<group>"; };
		C94FD2862AE3961D003777EB /* PosePickViewModel.swift */ = {isa = PBXFileReference; lastKnownFileType = sourcecode.swift; path = PosePickViewModel.swift; sourceTree = "<group>"; };
		C94FD2882AE39635003777EB /* PoseTalkViewModel.swift */ = {isa = PBXFileReference; lastKnownFileType = sourcecode.swift; path = PoseTalkViewModel.swift; sourceTree = "<group>"; };
		C94FD28A2AE3963E003777EB /* PoseFeedViewModel.swift */ = {isa = PBXFileReference; lastKnownFileType = sourcecode.swift; path = PoseFeedViewModel.swift; sourceTree = "<group>"; };
		C94FD28C2AE39646003777EB /* BookmarkViewModel.swift */ = {isa = PBXFileReference; lastKnownFileType = sourcecode.swift; path = BookmarkViewModel.swift; sourceTree = "<group>"; };
		C94FD28F2AE398CF003777EB /* MyPageViewController.swift */ = {isa = PBXFileReference; lastKnownFileType = sourcecode.swift; path = MyPageViewController.swift; sourceTree = "<group>"; };
		C94FD2912AE398D6003777EB /* MyPageViewModel.swift */ = {isa = PBXFileReference; lastKnownFileType = sourcecode.swift; path = MyPageViewModel.swift; sourceTree = "<group>"; };
		C94FD29A2AE3AC3E003777EB /* UIView+.swift */ = {isa = PBXFileReference; lastKnownFileType = sourcecode.swift; path = "UIView+.swift"; sourceTree = "<group>"; };
		C94FD29E2AE3AF4F003777EB /* UnderlineSegmentControl.swift */ = {isa = PBXFileReference; lastKnownFileType = sourcecode.swift; path = UnderlineSegmentControl.swift; sourceTree = "<group>"; };
		C94FD2AA2AE8CEEB003777EB /* Button.swift */ = {isa = PBXFileReference; lastKnownFileType = sourcecode.swift; path = Button.swift; sourceTree = "<group>"; };
		C9C0CDCD2AF353AB0041E423 /* ToolTip.swift */ = {isa = PBXFileReference; lastKnownFileType = sourcecode.swift; path = ToolTip.swift; sourceTree = "<group>"; };
		C9C8904E2AE103A10010240A /* posepicker.app */ = {isa = PBXFileReference; explicitFileType = wrapper.application; includeInIndex = 0; path = posepicker.app; sourceTree = BUILT_PRODUCTS_DIR; };
		C9C890512AE103A10010240A /* AppDelegate.swift */ = {isa = PBXFileReference; lastKnownFileType = sourcecode.swift; path = AppDelegate.swift; sourceTree = "<group>"; };
		C9C8905A2AE103A30010240A /* Assets.xcassets */ = {isa = PBXFileReference; lastKnownFileType = folder.assetcatalog; path = Assets.xcassets; sourceTree = "<group>"; };
		C9C8905D2AE103A30010240A /* Base */ = {isa = PBXFileReference; lastKnownFileType = file.storyboard; name = Base; path = Base.lproj/LaunchScreen.storyboard; sourceTree = "<group>"; };
		C9C8905F2AE103A30010240A /* Info.plist */ = {isa = PBXFileReference; lastKnownFileType = text.plist.xml; path = Info.plist; sourceTree = "<group>"; };
		C9C890642AE103A30010240A /* posepickerTests.xctest */ = {isa = PBXFileReference; explicitFileType = wrapper.cfbundle; includeInIndex = 0; path = posepickerTests.xctest; sourceTree = BUILT_PRODUCTS_DIR; };
		C9C890682AE103A30010240A /* posepickerTests.swift */ = {isa = PBXFileReference; lastKnownFileType = sourcecode.swift; path = posepickerTests.swift; sourceTree = "<group>"; };
		C9C8906E2AE103A30010240A /* posepickerUITests.xctest */ = {isa = PBXFileReference; explicitFileType = wrapper.cfbundle; includeInIndex = 0; path = posepickerUITests.xctest; sourceTree = BUILT_PRODUCTS_DIR; };
		C9C890722AE103A30010240A /* posepickerUITests.swift */ = {isa = PBXFileReference; lastKnownFileType = sourcecode.swift; path = posepickerUITests.swift; sourceTree = "<group>"; };
		C9C890742AE103A30010240A /* posepickerUITestsLaunchTests.swift */ = {isa = PBXFileReference; lastKnownFileType = sourcecode.swift; path = posepickerUITestsLaunchTests.swift; sourceTree = "<group>"; };
		C9C890832AE105F80010240A /* posepicker.xcconfig */ = {isa = PBXFileReference; lastKnownFileType = text.xcconfig; path = posepicker.xcconfig; sourceTree = "<group>"; };
		C9C890872AE107090010240A /* BaseViewController.swift */ = {isa = PBXFileReference; lastKnownFileType = sourcecode.swift; path = BaseViewController.swift; sourceTree = "<group>"; };
		C9C890892AE107180010240A /* ViewModelType.swift */ = {isa = PBXFileReference; lastKnownFileType = sourcecode.swift; path = ViewModelType.swift; sourceTree = "<group>"; };
		C9C8908D2AE1073F0010240A /* BaseCollectionViewCell.swift */ = {isa = PBXFileReference; lastKnownFileType = sourcecode.swift; path = BaseCollectionViewCell.swift; sourceTree = "<group>"; };
		C9C8909C2AE107BC0010240A /* UIColor+.swift */ = {isa = PBXFileReference; lastKnownFileType = sourcecode.swift; path = "UIColor+.swift"; sourceTree = "<group>"; };
		C9C8909F2AE109610010240A /* User.swift */ = {isa = PBXFileReference; lastKnownFileType = sourcecode.swift; path = User.swift; sourceTree = "<group>"; };
		C9C890A12AE1098B0010240A /* Token.swift */ = {isa = PBXFileReference; lastKnownFileType = sourcecode.swift; path = Token.swift; sourceTree = "<group>"; };
		C9C890A82AE10A370010240A /* APIRouter.swift */ = {isa = PBXFileReference; lastKnownFileType = sourcecode.swift; path = APIRouter.swift; sourceTree = "<group>"; };
		C9C890B52AE110660010240A /* Pretendard-ExtraLight.otf */ = {isa = PBXFileReference; lastKnownFileType = file; path = "Pretendard-ExtraLight.otf"; sourceTree = "<group>"; };
		C9C890B62AE110660010240A /* Pretendard-Black.otf */ = {isa = PBXFileReference; lastKnownFileType = file; path = "Pretendard-Black.otf"; sourceTree = "<group>"; };
		C9C890B72AE110660010240A /* Pretendard-Light.otf */ = {isa = PBXFileReference; lastKnownFileType = file; path = "Pretendard-Light.otf"; sourceTree = "<group>"; };
		C9C890B82AE110660010240A /* Pretendard-Regular.otf */ = {isa = PBXFileReference; lastKnownFileType = file; path = "Pretendard-Regular.otf"; sourceTree = "<group>"; };
		C9C890B92AE110660010240A /* Pretendard-Medium.otf */ = {isa = PBXFileReference; lastKnownFileType = file; path = "Pretendard-Medium.otf"; sourceTree = "<group>"; };
		C9C890BA2AE110660010240A /* Pretendard-SemiBold.otf */ = {isa = PBXFileReference; lastKnownFileType = file; path = "Pretendard-SemiBold.otf"; sourceTree = "<group>"; };
		C9C890BB2AE110660010240A /* Pretendard-Bold.otf */ = {isa = PBXFileReference; lastKnownFileType = file; path = "Pretendard-Bold.otf"; sourceTree = "<group>"; };
		C9C890BC2AE110660010240A /* Pretendard-ExtraBold.otf */ = {isa = PBXFileReference; lastKnownFileType = file; path = "Pretendard-ExtraBold.otf"; sourceTree = "<group>"; };
		C9C890BD2AE110660010240A /* Pretendard-Thin.otf */ = {isa = PBXFileReference; lastKnownFileType = file; path = "Pretendard-Thin.otf"; sourceTree = "<group>"; };
		C9C890BE2AE1107B0010240A /* ImageLiteral.swift */ = {isa = PBXFileReference; lastKnownFileType = sourcecode.swift; path = ImageLiteral.swift; sourceTree = "<group>"; };
		C9C890C42AE11BAB0010240A /* UIFont+.swift */ = {isa = PBXFileReference; lastKnownFileType = sourcecode.swift; path = "UIFont+.swift"; sourceTree = "<group>"; };
		C9DC2F8D2AEA193300D5170D /* PoseFeedCoordinator.swift */ = {isa = PBXFileReference; lastKnownFileType = sourcecode.swift; path = PoseFeedCoordinator.swift; sourceTree = "<group>"; };
		C9DC2F8F2AEA1D5F00D5170D /* PoseFeedFilterViewController.swift */ = {isa = PBXFileReference; lastKnownFileType = sourcecode.swift; path = PoseFeedFilterViewController.swift; sourceTree = "<group>"; };
		C9DC2F932AEA282600D5170D /* LeftAlignedCollectionViewFlowLayout.swift */ = {isa = PBXFileReference; lastKnownFileType = sourcecode.swift; path = LeftAlignedCollectionViewFlowLayout.swift; sourceTree = "<group>"; };
		C9DC2F952AEA284900D5170D /* UICollectionView+.swift */ = {isa = PBXFileReference; lastKnownFileType = sourcecode.swift; path = "UICollectionView+.swift"; sourceTree = "<group>"; };
		C9DC2F982AEA28E300D5170D /* PoseFeedFilterCell.swift */ = {isa = PBXFileReference; lastKnownFileType = sourcecode.swift; path = PoseFeedFilterCell.swift; sourceTree = "<group>"; };
		C9DC2F9A2AEA290200D5170D /* PoseFeedFilterCellViewModel.swift */ = {isa = PBXFileReference; lastKnownFileType = sourcecode.swift; path = PoseFeedFilterCellViewModel.swift; sourceTree = "<group>"; };
		C9DC2F9D2AEA2BB000D5170D /* PoseFeedFilterViewModel.swift */ = {isa = PBXFileReference; lastKnownFileType = sourcecode.swift; path = PoseFeedFilterViewModel.swift; sourceTree = "<group>"; };
		C9DC2FA22AEA564D00D5170D /* UIScreen+.swift */ = {isa = PBXFileReference; lastKnownFileType = sourcecode.swift; path = "UIScreen+.swift"; sourceTree = "<group>"; };
		C9DC2FA52AEB6E1800D5170D /* FilterTags.swift */ = {isa = PBXFileReference; lastKnownFileType = sourcecode.swift; path = FilterTags.swift; sourceTree = "<group>"; };
		C9DC2FA72AECAD1A00D5170D /* RegisteredFilterCell.swift */ = {isa = PBXFileReference; lastKnownFileType = sourcecode.swift; path = RegisteredFilterCell.swift; sourceTree = "<group>"; };
		C9DC2FA92AECAD4500D5170D /* RegisteredFilterCellViewModel.swift */ = {isa = PBXFileReference; lastKnownFileType = sourcecode.swift; path = RegisteredFilterCellViewModel.swift; sourceTree = "<group>"; };
/* End PBXFileReference section */

/* Begin PBXFrameworksBuildPhase section */
		C9C8904B2AE103A10010240A /* Frameworks */ = {
			isa = PBXFrameworksBuildPhase;
			buildActionMask = 2147483647;
			files = (
				C9C890C22AE113590010240A /* Lottie in Frameworks */,
				880E75452AE6BFA3007FAD5A /* Alamofire in Frameworks */,
				C9C890952AE107730010240A /* RxRelay in Frameworks */,
				C9C0CDC82AF1D9160041E423 /* Kingfisher in Frameworks */,
				C9C890932AE107730010240A /* RxCocoa in Frameworks */,
				C94FD2982AE39E6B003777EB /* Then in Frameworks */,
				C94FD2952AE39E5C003777EB /* SnapKit in Frameworks */,
				C9C890972AE107730010240A /* RxSwift in Frameworks */,
				C9C890912AE107730010240A /* RxBlocking in Frameworks */,
			);
			runOnlyForDeploymentPostprocessing = 0;
		};
		C9C890612AE103A30010240A /* Frameworks */ = {
			isa = PBXFrameworksBuildPhase;
			buildActionMask = 2147483647;
			files = (
			);
			runOnlyForDeploymentPostprocessing = 0;
		};
		C9C8906B2AE103A30010240A /* Frameworks */ = {
			isa = PBXFrameworksBuildPhase;
			buildActionMask = 2147483647;
			files = (
			);
			runOnlyForDeploymentPostprocessing = 0;
		};
/* End PBXFrameworksBuildPhase section */

/* Begin PBXGroup section */
		880E752B2AE60489007FAD5A /* Header */ = {
			isa = PBXGroup;
			children = (
				880E752C2AE60499007FAD5A /* Header.swift */,
			);
			path = Header;
			sourceTree = "<group>";
		};
		880E752E2AE60929007FAD5A /* UIImage */ = {
			isa = PBXGroup;
			children = (
				880E752F2AE60937007FAD5A /* UIImage+.swift */,
			);
			path = UIImage;
			sourceTree = "<group>";
		};
		880E75312AE67C9C007FAD5A /* Selection */ = {
			isa = PBXGroup;
			children = (
				880E75352AE67DA9007FAD5A /* Shared */,
				880E75322AE67CB0007FAD5A /* Basic */,
			);
			path = Selection;
			sourceTree = "<group>";
		};
		880E75322AE67CB0007FAD5A /* Basic */ = {
			isa = PBXGroup;
			children = (
				880E75332AE67CC4007FAD5A /* BasicSelection.swift */,
			);
			path = Basic;
			sourceTree = "<group>";
		};
		880E75352AE67DA9007FAD5A /* Shared */ = {
			isa = PBXGroup;
			children = (
				880E75362AE67DC8007FAD5A /* BasicButton.swift */,
			);
			path = Shared;
			sourceTree = "<group>";
		};
		880E75382AE6BDFB007FAD5A /* API */ = {
			isa = PBXGroup;
			children = (
				C9C890A82AE10A370010240A /* APIRouter.swift */,
				880E75412AE6BF4B007FAD5A /* APIService.swift */,
				880E75462AE6BFBC007FAD5A /* APISession.swift */,
				880E75482AE6BFE3007FAD5A /* APIEventLogger.swift */,
				880E75532AE6C28D007FAD5A /* APIError.swift */,
				880E75552AE6C2F7007FAD5A /* APIInterceptor.swift */,
			);
			path = API;
			sourceTree = "<group>";
		};
		880E75392AE6BE05007FAD5A /* Services */ = {
			isa = PBXGroup;
			children = (
				880E753D2AE6BE59007FAD5A /* Service.swift */,
				880E753F2AE6BF2F007FAD5A /* ServicePose.swift */,
			);
			path = Services;
			sourceTree = "<group>";
		};
		880E753A2AE6BE2B007FAD5A /* Foundation */ = {
			isa = PBXGroup;
			children = (
				880E753B2AE6BE3A007FAD5A /* BindableViewModel.swift */,
			);
			path = Foundation;
			sourceTree = "<group>";
		};
		880E754A2AE6C03D007FAD5A /* Constants */ = {
			isa = PBXGroup;
			children = (
				C9DC2FA42AEB6E0C00D5170D /* enum */,
				880E754C2AE6C06E007FAD5A /* Constants.swift */,
			);
			path = Constants;
			sourceTree = "<group>";
		};
		880E75502AE6C26D007FAD5A /* Data */ = {
			isa = PBXGroup;
			children = (
				880E75512AE6C275007FAD5A /* Data+.swift */,
			);
			path = Data;
			sourceTree = "<group>";
		};
		880E75572AEA8BC0007FAD5A /* BookmarkSubviews */ = {
			isa = PBXGroup;
			children = (
				880E75582AEA8BE2007FAD5A /* EmptyBookmarkView.swift */,
			);
			path = BookmarkSubviews;
			sourceTree = "<group>";
		};
		C94FD27A2AE39505003777EB /* PosePick */ = {
			isa = PBXGroup;
			children = (
				C94FD2862AE3961D003777EB /* PosePickViewModel.swift */,
				C94FD27E2AE395E3003777EB /* PosePickViewController.swift */,
			);
			path = PosePick;
			sourceTree = "<group>";
		};
		C94FD27B2AE3950C003777EB /* PoseTok */ = {
			isa = PBXGroup;
			children = (
				C94FD2882AE39635003777EB /* PoseTalkViewModel.swift */,
				C94FD2802AE39603003777EB /* PoseTalkViewController.swift */,
			);
			path = PoseTok;
			sourceTree = "<group>";
		};
		C94FD27C2AE39512003777EB /* PoseFeed */ = {
			isa = PBXGroup;
			children = (
				C9DC2F9C2AEA2B8C00D5170D /* PoseFeedFilter */,
				C94FD28A2AE3963E003777EB /* PoseFeedViewModel.swift */,
				C9DC2F8D2AEA193300D5170D /* PoseFeedCoordinator.swift */,
				C94FD2822AE3960B003777EB /* PoseFeedViewController.swift */,
			);
			path = PoseFeed;
			sourceTree = "<group>";
		};
		C94FD27D2AE39517003777EB /* Bookmark */ = {
			isa = PBXGroup;
			children = (
				880E75572AEA8BC0007FAD5A /* BookmarkSubviews */,
				C94FD28C2AE39646003777EB /* BookmarkViewModel.swift */,
				C94FD2842AE39612003777EB /* BookMarkViewController.swift */,
			);
			path = Bookmark;
			sourceTree = "<group>";
		};
		C94FD28E2AE398BD003777EB /* MyPage */ = {
			isa = PBXGroup;
			children = (
				C94FD2912AE398D6003777EB /* MyPageViewModel.swift */,
				C94FD28F2AE398CF003777EB /* MyPageViewController.swift */,
			);
			path = MyPage;
			sourceTree = "<group>";
		};
		C94FD2992AE3AC2F003777EB /* UIView */ = {
			isa = PBXGroup;
			children = (
				C94FD29A2AE3AC3E003777EB /* UIView+.swift */,
			);
			path = UIView;
			sourceTree = "<group>";
		};
		C94FD29C2AE3AF1E003777EB /* Component */ = {
			isa = PBXGroup;
			children = (
				C9C0CDCA2AF3538C0041E423 /* ToolTip */,
				C94FD2A92AE8CED2003777EB /* Button */,
				880E75312AE67C9C007FAD5A /* Selection */,
				880E752B2AE60489007FAD5A /* Header */,
				C94FD29D2AE3AF2D003777EB /* UnderlineSegmentControl */,
			);
			path = Component;
			sourceTree = "<group>";
		};
		C94FD29D2AE3AF2D003777EB /* UnderlineSegmentControl */ = {
			isa = PBXGroup;
			children = (
				C94FD29E2AE3AF4F003777EB /* UnderlineSegmentControl.swift */,
			);
			path = UnderlineSegmentControl;
			sourceTree = "<group>";
		};
		C94FD2A92AE8CED2003777EB /* Button */ = {
			isa = PBXGroup;
			children = (
				C94FD2AA2AE8CEEB003777EB /* Button.swift */,
			);
			path = Button;
			sourceTree = "<group>";
		};
		C9C0CDCA2AF3538C0041E423 /* ToolTip */ = {
			isa = PBXGroup;
			children = (
				C9C0CDCD2AF353AB0041E423 /* ToolTip.swift */,
			);
			path = ToolTip;
			sourceTree = "<group>";
		};
		C9C890452AE103A10010240A = {
			isa = PBXGroup;
			children = (
				C9C890502AE103A10010240A /* posepicker */,
				C9C890672AE103A30010240A /* posepickerTests */,
				C9C890712AE103A30010240A /* posepickerUITests */,
				C9C8904F2AE103A10010240A /* Products */,
			);
			sourceTree = "<group>";
		};
		C9C8904F2AE103A10010240A /* Products */ = {
			isa = PBXGroup;
			children = (
				C9C8904E2AE103A10010240A /* posepicker.app */,
				C9C890642AE103A30010240A /* posepickerTests.xctest */,
				C9C8906E2AE103A30010240A /* posepickerUITests.xctest */,
			);
			name = Products;
			sourceTree = "<group>";
		};
		C9C890502AE103A10010240A /* posepicker */ = {
			isa = PBXGroup;
			children = (
				C9C890812AE103C10010240A /* Application */,
				C9C890842AE106EF0010240A /* Common */,
				C9C890822AE105EC0010240A /* Configs */,
				C9C8909A2AE107A40010240A /* Extensions */,
				C9C8909E2AE107CA0010240A /* Models */,
				C9C890A32AE109D80010240A /* Modules */,
				C9C890A72AE10A280010240A /* Networking */,
				C9C890AA2AE10A3D0010240A /* Resources */,
				C9C8905C2AE103A30010240A /* LaunchScreen.storyboard */,
			);
			path = posepicker;
			sourceTree = "<group>";
		};
		C9C890672AE103A30010240A /* posepickerTests */ = {
			isa = PBXGroup;
			children = (
				C9C890682AE103A30010240A /* posepickerTests.swift */,
			);
			path = posepickerTests;
			sourceTree = "<group>";
		};
		C9C890712AE103A30010240A /* posepickerUITests */ = {
			isa = PBXGroup;
			children = (
				C9C890722AE103A30010240A /* posepickerUITests.swift */,
				C9C890742AE103A30010240A /* posepickerUITestsLaunchTests.swift */,
			);
			path = posepickerUITests;
			sourceTree = "<group>";
		};
		C9C890812AE103C10010240A /* Application */ = {
			isa = PBXGroup;
			children = (
				C9C890512AE103A10010240A /* AppDelegate.swift */,
				C94FD2762AE38E82003777EB /* AppCoordinator.swift */,
			);
			path = Application;
			sourceTree = "<group>";
		};
		C9C890822AE105EC0010240A /* Configs */ = {
			isa = PBXGroup;
			children = (
				C9C890832AE105F80010240A /* posepicker.xcconfig */,
			);
			path = Configs;
			sourceTree = "<group>";
		};
		C9C890842AE106EF0010240A /* Common */ = {
			isa = PBXGroup;
			children = (
				880E754A2AE6C03D007FAD5A /* Constants */,
				C94FD29C2AE3AF1E003777EB /* Component */,
				C9C890862AE106FA0010240A /* Base */,
			);
			path = Common;
			sourceTree = "<group>";
		};
		C9C890862AE106FA0010240A /* Base */ = {
			isa = PBXGroup;
			children = (
				C9C890872AE107090010240A /* BaseViewController.swift */,
				C9C8908D2AE1073F0010240A /* BaseCollectionViewCell.swift */,
				C9C890892AE107180010240A /* ViewModelType.swift */,
			);
			path = Base;
			sourceTree = "<group>";
		};
		C9C8909A2AE107A40010240A /* Extensions */ = {
			isa = PBXGroup;
			children = (
				C9DC2FA12AEA563C00D5170D /* UIScreen */,
				C9DC2F912AEA27F600D5170D /* UICollectionView */,
				880E75502AE6C26D007FAD5A /* Data */,
				880E752E2AE60929007FAD5A /* UIImage */,
				C94FD2992AE3AC2F003777EB /* UIView */,
				C9C890C32AE11B7B0010240A /* UIFont */,
				C9C8909B2AE107B20010240A /* UIColor */,
			);
			path = Extensions;
			sourceTree = "<group>";
		};
		C9C8909B2AE107B20010240A /* UIColor */ = {
			isa = PBXGroup;
			children = (
				C9C8909C2AE107BC0010240A /* UIColor+.swift */,
			);
			path = UIColor;
			sourceTree = "<group>";
		};
		C9C8909E2AE107CA0010240A /* Models */ = {
			isa = PBXGroup;
			children = (
				C9C8909F2AE109610010240A /* User.swift */,
				C9C890A12AE1098B0010240A /* Token.swift */,
				880E754E2AE6C188007FAD5A /* PosePick.swift */,
				880E755A2AF296E7007FAD5A /* PoseTalk.swift */,
			);
			path = Models;
			sourceTree = "<group>";
		};
		C9C890A32AE109D80010240A /* Modules */ = {
			isa = PBXGroup;
			children = (
				C9C890A62AE10A010010240A /* Root */,
				C94FD27A2AE39505003777EB /* PosePick */,
				C94FD27B2AE3950C003777EB /* PoseTok */,
				C94FD27C2AE39512003777EB /* PoseFeed */,
				C94FD27D2AE39517003777EB /* Bookmark */,
				C94FD28E2AE398BD003777EB /* MyPage */,
			);
			path = Modules;
			sourceTree = "<group>";
		};
		C9C890A62AE10A010010240A /* Root */ = {
			isa = PBXGroup;
			children = (
				C94FD2782AE38EBD003777EB /* RootCoordinator.swift */,
				C94FD2742AE38E26003777EB /* RootViewController.swift */,
			);
			path = Root;
			sourceTree = "<group>";
		};
		C9C890A72AE10A280010240A /* Networking */ = {
			isa = PBXGroup;
			children = (
				880E75382AE6BDFB007FAD5A /* API */,
				880E75392AE6BE05007FAD5A /* Services */,
				880E753A2AE6BE2B007FAD5A /* Foundation */,
			);
			path = Networking;
			sourceTree = "<group>";
		};
		C9C890AA2AE10A3D0010240A /* Resources */ = {
			isa = PBXGroup;
			children = (
				C9C890AB2AE110320010240A /* Font */,
				C9C8905A2AE103A30010240A /* Assets.xcassets */,
				C9C890BE2AE1107B0010240A /* ImageLiteral.swift */,
				C9C8905F2AE103A30010240A /* Info.plist */,
			);
			path = Resources;
			sourceTree = "<group>";
		};
		C9C890AB2AE110320010240A /* Font */ = {
			isa = PBXGroup;
			children = (
				C9C890B62AE110660010240A /* Pretendard-Black.otf */,
				C9C890BB2AE110660010240A /* Pretendard-Bold.otf */,
				C9C890BC2AE110660010240A /* Pretendard-ExtraBold.otf */,
				C9C890B52AE110660010240A /* Pretendard-ExtraLight.otf */,
				C9C890B72AE110660010240A /* Pretendard-Light.otf */,
				C9C890B92AE110660010240A /* Pretendard-Medium.otf */,
				C9C890B82AE110660010240A /* Pretendard-Regular.otf */,
				C9C890BA2AE110660010240A /* Pretendard-SemiBold.otf */,
				C9C890BD2AE110660010240A /* Pretendard-Thin.otf */,
			);
			path = Font;
			sourceTree = "<group>";
		};
		C9C890C32AE11B7B0010240A /* UIFont */ = {
			isa = PBXGroup;
			children = (
				C9C890C42AE11BAB0010240A /* UIFont+.swift */,
			);
			path = UIFont;
			sourceTree = "<group>";
		};
		C9DC2F912AEA27F600D5170D /* UICollectionView */ = {
			isa = PBXGroup;
			children = (
				C9DC2F922AEA280000D5170D /* LeftAlignedCollectionView */,
				C9DC2F952AEA284900D5170D /* UICollectionView+.swift */,
			);
			path = UICollectionView;
			sourceTree = "<group>";
		};
		C9DC2F922AEA280000D5170D /* LeftAlignedCollectionView */ = {
			isa = PBXGroup;
			children = (
				C9DC2F932AEA282600D5170D /* LeftAlignedCollectionViewFlowLayout.swift */,
			);
			path = LeftAlignedCollectionView;
			sourceTree = "<group>";
		};
		C9DC2F972AEA28CE00D5170D /* Cell */ = {
			isa = PBXGroup;
			children = (
				C9DC2F9A2AEA290200D5170D /* PoseFeedFilterCellViewModel.swift */,
				C9DC2F982AEA28E300D5170D /* PoseFeedFilterCell.swift */,
				C9DC2FA92AECAD4500D5170D /* RegisteredFilterCellViewModel.swift */,
				C9DC2FA72AECAD1A00D5170D /* RegisteredFilterCell.swift */,
			);
			path = Cell;
			sourceTree = "<group>";
		};
		C9DC2F9C2AEA2B8C00D5170D /* PoseFeedFilter */ = {
			isa = PBXGroup;
			children = (
				C9DC2F972AEA28CE00D5170D /* Cell */,
				C9DC2F9D2AEA2BB000D5170D /* PoseFeedFilterViewModel.swift */,
				C9DC2F8F2AEA1D5F00D5170D /* PoseFeedFilterViewController.swift */,
			);
			path = PoseFeedFilter;
			sourceTree = "<group>";
		};
		C9DC2FA12AEA563C00D5170D /* UIScreen */ = {
			isa = PBXGroup;
			children = (
				C9DC2FA22AEA564D00D5170D /* UIScreen+.swift */,
			);
			path = UIScreen;
			sourceTree = "<group>";
		};
		C9DC2FA42AEB6E0C00D5170D /* enum */ = {
			isa = PBXGroup;
			children = (
				C9DC2FA52AEB6E1800D5170D /* FilterTags.swift */,
			);
			path = enum;
			sourceTree = "<group>";
		};
/* End PBXGroup section */

/* Begin PBXNativeTarget section */
		C9C8904D2AE103A10010240A /* posepicker */ = {
			isa = PBXNativeTarget;
			buildConfigurationList = C9C890782AE103A30010240A /* Build configuration list for PBXNativeTarget "posepicker" */;
			buildPhases = (
				C9C8904A2AE103A10010240A /* Sources */,
				C9C8904B2AE103A10010240A /* Frameworks */,
				C9C8904C2AE103A10010240A /* Resources */,
			);
			buildRules = (
			);
			dependencies = (
			);
			name = posepicker;
			packageProductDependencies = (
				C9C890902AE107730010240A /* RxBlocking */,
				C9C890922AE107730010240A /* RxCocoa */,
				C9C890942AE107730010240A /* RxRelay */,
				C9C890962AE107730010240A /* RxSwift */,
				C9C890C12AE113590010240A /* Lottie */,
				C94FD2942AE39E5C003777EB /* SnapKit */,
				C94FD2972AE39E6B003777EB /* Then */,
				880E75442AE6BFA3007FAD5A /* Alamofire */,
				C9C0CDC72AF1D9160041E423 /* Kingfisher */,
			);
			productName = posepicker;
			productReference = C9C8904E2AE103A10010240A /* posepicker.app */;
			productType = "com.apple.product-type.application";
		};
		C9C890632AE103A30010240A /* posepickerTests */ = {
			isa = PBXNativeTarget;
			buildConfigurationList = C9C8907B2AE103A30010240A /* Build configuration list for PBXNativeTarget "posepickerTests" */;
			buildPhases = (
				C9C890602AE103A30010240A /* Sources */,
				C9C890612AE103A30010240A /* Frameworks */,
				C9C890622AE103A30010240A /* Resources */,
			);
			buildRules = (
			);
			dependencies = (
				C9C890662AE103A30010240A /* PBXTargetDependency */,
			);
			name = posepickerTests;
			productName = posepickerTests;
			productReference = C9C890642AE103A30010240A /* posepickerTests.xctest */;
			productType = "com.apple.product-type.bundle.unit-test";
		};
		C9C8906D2AE103A30010240A /* posepickerUITests */ = {
			isa = PBXNativeTarget;
			buildConfigurationList = C9C8907E2AE103A30010240A /* Build configuration list for PBXNativeTarget "posepickerUITests" */;
			buildPhases = (
				C9C8906A2AE103A30010240A /* Sources */,
				C9C8906B2AE103A30010240A /* Frameworks */,
				C9C8906C2AE103A30010240A /* Resources */,
			);
			buildRules = (
			);
			dependencies = (
				C9C890702AE103A30010240A /* PBXTargetDependency */,
			);
			name = posepickerUITests;
			productName = posepickerUITests;
			productReference = C9C8906E2AE103A30010240A /* posepickerUITests.xctest */;
			productType = "com.apple.product-type.bundle.ui-testing";
		};
/* End PBXNativeTarget section */

/* Begin PBXProject section */
		C9C890462AE103A10010240A /* Project object */ = {
			isa = PBXProject;
			attributes = {
				BuildIndependentTargetsInParallel = 1;
				LastSwiftUpdateCheck = 1430;
				LastUpgradeCheck = 1430;
				TargetAttributes = {
					C9C8904D2AE103A10010240A = {
						CreatedOnToolsVersion = 14.3.1;
					};
					C9C890632AE103A30010240A = {
						CreatedOnToolsVersion = 14.3.1;
						TestTargetID = C9C8904D2AE103A10010240A;
					};
					C9C8906D2AE103A30010240A = {
						CreatedOnToolsVersion = 14.3.1;
						TestTargetID = C9C8904D2AE103A10010240A;
					};
				};
			};
			buildConfigurationList = C9C890492AE103A10010240A /* Build configuration list for PBXProject "posepicker" */;
			compatibilityVersion = "Xcode 13.0";
			developmentRegion = en;
			hasScannedForEncodings = 0;
			knownRegions = (
				en,
				Base,
			);
			mainGroup = C9C890452AE103A10010240A;
			packageReferences = (
				C9C8908F2AE107730010240A /* XCRemoteSwiftPackageReference "RxSwift" */,
				C9C890C02AE113590010240A /* XCRemoteSwiftPackageReference "lottie-ios" */,
				C94FD2932AE39E5C003777EB /* XCRemoteSwiftPackageReference "SnapKit" */,
				C94FD2962AE39E6B003777EB /* XCRemoteSwiftPackageReference "Then" */,
				880E75432AE6BFA3007FAD5A /* XCRemoteSwiftPackageReference "Alamofire" */,
				C9C0CDC62AF1D9160041E423 /* XCRemoteSwiftPackageReference "Kingfisher" */,
			);
			productRefGroup = C9C8904F2AE103A10010240A /* Products */;
			projectDirPath = "";
			projectRoot = "";
			targets = (
				C9C8904D2AE103A10010240A /* posepicker */,
				C9C890632AE103A30010240A /* posepickerTests */,
				C9C8906D2AE103A30010240A /* posepickerUITests */,
			);
		};
/* End PBXProject section */

/* Begin PBXResourcesBuildPhase section */
		C9C8904C2AE103A10010240A /* Resources */ = {
			isa = PBXResourcesBuildPhase;
			buildActionMask = 2147483647;
			files = (
				C94FD2A02AE3B282003777EB /* Pretendard-Black.otf in Resources */,
				C94FD2A12AE3B282003777EB /* Pretendard-Bold.otf in Resources */,
				C94FD2A22AE3B282003777EB /* Pretendard-ExtraBold.otf in Resources */,
				C94FD2A32AE3B282003777EB /* Pretendard-ExtraLight.otf in Resources */,
				C94FD2A42AE3B282003777EB /* Pretendard-Light.otf in Resources */,
				C94FD2A52AE3B282003777EB /* Pretendard-Medium.otf in Resources */,
				C94FD2A62AE3B282003777EB /* Pretendard-Regular.otf in Resources */,
				C94FD2A72AE3B282003777EB /* Pretendard-SemiBold.otf in Resources */,
				C94FD2A82AE3B282003777EB /* Pretendard-Thin.otf in Resources */,
				C9C8905E2AE103A30010240A /* LaunchScreen.storyboard in Resources */,
				C9C8905B2AE103A30010240A /* Assets.xcassets in Resources */,
			);
			runOnlyForDeploymentPostprocessing = 0;
		};
		C9C890622AE103A30010240A /* Resources */ = {
			isa = PBXResourcesBuildPhase;
			buildActionMask = 2147483647;
			files = (
			);
			runOnlyForDeploymentPostprocessing = 0;
		};
		C9C8906C2AE103A30010240A /* Resources */ = {
			isa = PBXResourcesBuildPhase;
			buildActionMask = 2147483647;
			files = (
			);
			runOnlyForDeploymentPostprocessing = 0;
		};
/* End PBXResourcesBuildPhase section */

/* Begin PBXSourcesBuildPhase section */
		C9C8904A2AE103A10010240A /* Sources */ = {
			isa = PBXSourcesBuildPhase;
			buildActionMask = 2147483647;
			files = (
				C9C8908E2AE1073F0010240A /* BaseCollectionViewCell.swift in Sources */,
				880E75472AE6BFBC007FAD5A /* APISession.swift in Sources */,
				880E755B2AF296E7007FAD5A /* PoseTalk.swift in Sources */,
				C9C890A92AE10A370010240A /* APIRouter.swift in Sources */,
				880E754F2AE6C188007FAD5A /* PosePick.swift in Sources */,
				C9DC2F962AEA284900D5170D /* UICollectionView+.swift in Sources */,
				C94FD29F2AE3AF4F003777EB /* UnderlineSegmentControl.swift in Sources */,
				880E75342AE67CC4007FAD5A /* BasicSelection.swift in Sources */,
				880E75422AE6BF4B007FAD5A /* APIService.swift in Sources */,
				C94FD2772AE38E82003777EB /* AppCoordinator.swift in Sources */,
				C94FD2752AE38E26003777EB /* RootViewController.swift in Sources */,
				C94FD27F2AE395E3003777EB /* PosePickViewController.swift in Sources */,
				C9DC2F9B2AEA290200D5170D /* PoseFeedFilterCellViewModel.swift in Sources */,
				880E75302AE60937007FAD5A /* UIImage+.swift in Sources */,
				C94FD2832AE3960B003777EB /* PoseFeedViewController.swift in Sources */,
				C9DC2F992AEA28E300D5170D /* PoseFeedFilterCell.swift in Sources */,
				C9C8908A2AE107180010240A /* ViewModelType.swift in Sources */,
				C9C890BF2AE1107B0010240A /* ImageLiteral.swift in Sources */,
				C9DC2FA82AECAD1A00D5170D /* RegisteredFilterCell.swift in Sources */,
				C94FD2AB2AE8CEEB003777EB /* Button.swift in Sources */,
				C94FD2922AE398D6003777EB /* MyPageViewModel.swift in Sources */,
				C94FD2792AE38EBD003777EB /* RootCoordinator.swift in Sources */,
				880E753E2AE6BE59007FAD5A /* Service.swift in Sources */,
				C9DC2F9E2AEA2BB000D5170D /* PoseFeedFilterViewModel.swift in Sources */,
				C9C0CDCE2AF353AB0041E423 /* ToolTip.swift in Sources */,
				C9C890C52AE11BAB0010240A /* UIFont+.swift in Sources */,
				C9DC2F8E2AEA193300D5170D /* PoseFeedCoordinator.swift in Sources */,
				C94FD2852AE39612003777EB /* BookMarkViewController.swift in Sources */,
				C94FD29B2AE3AC3E003777EB /* UIView+.swift in Sources */,
				880E75592AEA8BE2007FAD5A /* EmptyBookmarkView.swift in Sources */,
				C9DC2F902AEA1D5F00D5170D /* PoseFeedFilterViewController.swift in Sources */,
				880E752D2AE60499007FAD5A /* Header.swift in Sources */,
				C94FD2812AE39603003777EB /* PoseTalkViewController.swift in Sources */,
				C9C890522AE103A10010240A /* AppDelegate.swift in Sources */,
				880E75402AE6BF2F007FAD5A /* ServicePose.swift in Sources */,
				880E75562AE6C2F7007FAD5A /* APIInterceptor.swift in Sources */,
				C94FD2892AE39635003777EB /* PoseTalkViewModel.swift in Sources */,
				C9C890882AE107090010240A /* BaseViewController.swift in Sources */,
				880E75372AE67DC8007FAD5A /* BasicButton.swift in Sources */,
				C9C8909D2AE107BC0010240A /* UIColor+.swift in Sources */,
				C94FD2872AE3961D003777EB /* PosePickViewModel.swift in Sources */,
				C94FD2902AE398CF003777EB /* MyPageViewController.swift in Sources */,
				880E75492AE6BFE3007FAD5A /* APIEventLogger.swift in Sources */,
				880E75522AE6C275007FAD5A /* Data+.swift in Sources */,
				C9DC2F942AEA282700D5170D /* LeftAlignedCollectionViewFlowLayout.swift in Sources */,
				880E753C2AE6BE3A007FAD5A /* BindableViewModel.swift in Sources */,
				C9DC2FA62AEB6E1800D5170D /* FilterTags.swift in Sources */,
				C94FD28D2AE39646003777EB /* BookmarkViewModel.swift in Sources */,
				C9DC2FAA2AECAD4500D5170D /* RegisteredFilterCellViewModel.swift in Sources */,
				C9C890A02AE109610010240A /* User.swift in Sources */,
				C9DC2FA32AEA564D00D5170D /* UIScreen+.swift in Sources */,
				C9C890A22AE1098B0010240A /* Token.swift in Sources */,
				C94FD28B2AE3963E003777EB /* PoseFeedViewModel.swift in Sources */,
				880E754D2AE6C06E007FAD5A /* Constants.swift in Sources */,
				880E75542AE6C28D007FAD5A /* APIError.swift in Sources */,
			);
			runOnlyForDeploymentPostprocessing = 0;
		};
		C9C890602AE103A30010240A /* Sources */ = {
			isa = PBXSourcesBuildPhase;
			buildActionMask = 2147483647;
			files = (
				C9C890692AE103A30010240A /* posepickerTests.swift in Sources */,
			);
			runOnlyForDeploymentPostprocessing = 0;
		};
		C9C8906A2AE103A30010240A /* Sources */ = {
			isa = PBXSourcesBuildPhase;
			buildActionMask = 2147483647;
			files = (
				C9C890732AE103A30010240A /* posepickerUITests.swift in Sources */,
				C9C890752AE103A30010240A /* posepickerUITestsLaunchTests.swift in Sources */,
			);
			runOnlyForDeploymentPostprocessing = 0;
		};
/* End PBXSourcesBuildPhase section */

/* Begin PBXTargetDependency section */
		C9C890662AE103A30010240A /* PBXTargetDependency */ = {
			isa = PBXTargetDependency;
			target = C9C8904D2AE103A10010240A /* posepicker */;
			targetProxy = C9C890652AE103A30010240A /* PBXContainerItemProxy */;
		};
		C9C890702AE103A30010240A /* PBXTargetDependency */ = {
			isa = PBXTargetDependency;
			target = C9C8904D2AE103A10010240A /* posepicker */;
			targetProxy = C9C8906F2AE103A30010240A /* PBXContainerItemProxy */;
		};
/* End PBXTargetDependency section */

/* Begin PBXVariantGroup section */
		C9C8905C2AE103A30010240A /* LaunchScreen.storyboard */ = {
			isa = PBXVariantGroup;
			children = (
				C9C8905D2AE103A30010240A /* Base */,
			);
			name = LaunchScreen.storyboard;
			sourceTree = "<group>";
		};
/* End PBXVariantGroup section */

/* Begin XCBuildConfiguration section */
		C9C890762AE103A30010240A /* Debug */ = {
			isa = XCBuildConfiguration;
			buildSettings = {
				ALWAYS_SEARCH_USER_PATHS = NO;
				CLANG_ANALYZER_NONNULL = YES;
				CLANG_ANALYZER_NUMBER_OBJECT_CONVERSION = YES_AGGRESSIVE;
				CLANG_CXX_LANGUAGE_STANDARD = "gnu++20";
				CLANG_ENABLE_MODULES = YES;
				CLANG_ENABLE_OBJC_ARC = YES;
				CLANG_ENABLE_OBJC_WEAK = YES;
				CLANG_WARN_BLOCK_CAPTURE_AUTORELEASING = YES;
				CLANG_WARN_BOOL_CONVERSION = YES;
				CLANG_WARN_COMMA = YES;
				CLANG_WARN_CONSTANT_CONVERSION = YES;
				CLANG_WARN_DEPRECATED_OBJC_IMPLEMENTATIONS = YES;
				CLANG_WARN_DIRECT_OBJC_ISA_USAGE = YES_ERROR;
				CLANG_WARN_DOCUMENTATION_COMMENTS = YES;
				CLANG_WARN_EMPTY_BODY = YES;
				CLANG_WARN_ENUM_CONVERSION = YES;
				CLANG_WARN_INFINITE_RECURSION = YES;
				CLANG_WARN_INT_CONVERSION = YES;
				CLANG_WARN_NON_LITERAL_NULL_CONVERSION = YES;
				CLANG_WARN_OBJC_IMPLICIT_RETAIN_SELF = YES;
				CLANG_WARN_OBJC_LITERAL_CONVERSION = YES;
				CLANG_WARN_OBJC_ROOT_CLASS = YES_ERROR;
				CLANG_WARN_QUOTED_INCLUDE_IN_FRAMEWORK_HEADER = YES;
				CLANG_WARN_RANGE_LOOP_ANALYSIS = YES;
				CLANG_WARN_STRICT_PROTOTYPES = YES;
				CLANG_WARN_SUSPICIOUS_MOVE = YES;
				CLANG_WARN_UNGUARDED_AVAILABILITY = YES_AGGRESSIVE;
				CLANG_WARN_UNREACHABLE_CODE = YES;
				CLANG_WARN__DUPLICATE_METHOD_MATCH = YES;
				COPY_PHASE_STRIP = NO;
				DEBUG_INFORMATION_FORMAT = dwarf;
				ENABLE_STRICT_OBJC_MSGSEND = YES;
				ENABLE_TESTABILITY = YES;
				GCC_C_LANGUAGE_STANDARD = gnu11;
				GCC_DYNAMIC_NO_PIC = NO;
				GCC_NO_COMMON_BLOCKS = YES;
				GCC_OPTIMIZATION_LEVEL = 0;
				GCC_PREPROCESSOR_DEFINITIONS = (
					"DEBUG=1",
					"$(inherited)",
				);
				GCC_WARN_64_TO_32_BIT_CONVERSION = YES;
				GCC_WARN_ABOUT_RETURN_TYPE = YES_ERROR;
				GCC_WARN_UNDECLARED_SELECTOR = YES;
				GCC_WARN_UNINITIALIZED_AUTOS = YES_AGGRESSIVE;
				GCC_WARN_UNUSED_FUNCTION = YES;
				GCC_WARN_UNUSED_VARIABLE = YES;
				IPHONEOS_DEPLOYMENT_TARGET = 16.0;
				MTL_ENABLE_DEBUG_INFO = INCLUDE_SOURCE;
				MTL_FAST_MATH = YES;
				ONLY_ACTIVE_ARCH = YES;
				SDKROOT = iphoneos;
				SWIFT_ACTIVE_COMPILATION_CONDITIONS = DEBUG;
				SWIFT_OPTIMIZATION_LEVEL = "-Onone";
			};
			name = Debug;
		};
		C9C890772AE103A30010240A /* Release */ = {
			isa = XCBuildConfiguration;
			buildSettings = {
				ALWAYS_SEARCH_USER_PATHS = NO;
				CLANG_ANALYZER_NONNULL = YES;
				CLANG_ANALYZER_NUMBER_OBJECT_CONVERSION = YES_AGGRESSIVE;
				CLANG_CXX_LANGUAGE_STANDARD = "gnu++20";
				CLANG_ENABLE_MODULES = YES;
				CLANG_ENABLE_OBJC_ARC = YES;
				CLANG_ENABLE_OBJC_WEAK = YES;
				CLANG_WARN_BLOCK_CAPTURE_AUTORELEASING = YES;
				CLANG_WARN_BOOL_CONVERSION = YES;
				CLANG_WARN_COMMA = YES;
				CLANG_WARN_CONSTANT_CONVERSION = YES;
				CLANG_WARN_DEPRECATED_OBJC_IMPLEMENTATIONS = YES;
				CLANG_WARN_DIRECT_OBJC_ISA_USAGE = YES_ERROR;
				CLANG_WARN_DOCUMENTATION_COMMENTS = YES;
				CLANG_WARN_EMPTY_BODY = YES;
				CLANG_WARN_ENUM_CONVERSION = YES;
				CLANG_WARN_INFINITE_RECURSION = YES;
				CLANG_WARN_INT_CONVERSION = YES;
				CLANG_WARN_NON_LITERAL_NULL_CONVERSION = YES;
				CLANG_WARN_OBJC_IMPLICIT_RETAIN_SELF = YES;
				CLANG_WARN_OBJC_LITERAL_CONVERSION = YES;
				CLANG_WARN_OBJC_ROOT_CLASS = YES_ERROR;
				CLANG_WARN_QUOTED_INCLUDE_IN_FRAMEWORK_HEADER = YES;
				CLANG_WARN_RANGE_LOOP_ANALYSIS = YES;
				CLANG_WARN_STRICT_PROTOTYPES = YES;
				CLANG_WARN_SUSPICIOUS_MOVE = YES;
				CLANG_WARN_UNGUARDED_AVAILABILITY = YES_AGGRESSIVE;
				CLANG_WARN_UNREACHABLE_CODE = YES;
				CLANG_WARN__DUPLICATE_METHOD_MATCH = YES;
				COPY_PHASE_STRIP = NO;
				DEBUG_INFORMATION_FORMAT = "dwarf-with-dsym";
				ENABLE_NS_ASSERTIONS = NO;
				ENABLE_STRICT_OBJC_MSGSEND = YES;
				GCC_C_LANGUAGE_STANDARD = gnu11;
				GCC_NO_COMMON_BLOCKS = YES;
				GCC_WARN_64_TO_32_BIT_CONVERSION = YES;
				GCC_WARN_ABOUT_RETURN_TYPE = YES_ERROR;
				GCC_WARN_UNDECLARED_SELECTOR = YES;
				GCC_WARN_UNINITIALIZED_AUTOS = YES_AGGRESSIVE;
				GCC_WARN_UNUSED_FUNCTION = YES;
				GCC_WARN_UNUSED_VARIABLE = YES;
				IPHONEOS_DEPLOYMENT_TARGET = 16.0;
				MTL_ENABLE_DEBUG_INFO = NO;
				MTL_FAST_MATH = YES;
				SDKROOT = iphoneos;
				SWIFT_COMPILATION_MODE = wholemodule;
				SWIFT_OPTIMIZATION_LEVEL = "-O";
				VALIDATE_PRODUCT = YES;
			};
			name = Release;
		};
		C9C890792AE103A30010240A /* Debug */ = {
			isa = XCBuildConfiguration;
			buildSettings = {
				ASSETCATALOG_COMPILER_APPICON_NAME = AppIcon;
				ASSETCATALOG_COMPILER_GLOBAL_ACCENT_COLOR_NAME = AccentColor;
				CODE_SIGN_STYLE = Automatic;
				CURRENT_PROJECT_VERSION = 1;
				DEVELOPMENT_TEAM = 5JQS3FU5R6;
				GENERATE_INFOPLIST_FILE = YES;
				INFOPLIST_FILE = posepicker/Resources/Info.plist;
				INFOPLIST_KEY_UIApplicationSupportsIndirectInputEvents = YES;
				INFOPLIST_KEY_UILaunchStoryboardName = LaunchScreen;
				INFOPLIST_KEY_UISupportedInterfaceOrientations_iPad = "UIInterfaceOrientationPortrait UIInterfaceOrientationPortraitUpsideDown UIInterfaceOrientationLandscapeLeft UIInterfaceOrientationLandscapeRight";
				INFOPLIST_KEY_UISupportedInterfaceOrientations_iPhone = "UIInterfaceOrientationPortrait UIInterfaceOrientationLandscapeLeft UIInterfaceOrientationLandscapeRight";
				IPHONEOS_DEPLOYMENT_TARGET = 16.0;
				LD_RUNPATH_SEARCH_PATHS = (
					"$(inherited)",
					"@executable_path/Frameworks",
				);
				MARKETING_VERSION = 1.0;
				PRODUCT_BUNDLE_IDENTIFIER = com.parkjju.posepicker;
				PRODUCT_NAME = "$(TARGET_NAME)";
				SUPPORTED_PLATFORMS = "iphoneos iphonesimulator";
				SUPPORTS_MACCATALYST = NO;
				SUPPORTS_MAC_DESIGNED_FOR_IPHONE_IPAD = NO;
				SWIFT_EMIT_LOC_STRINGS = YES;
				SWIFT_VERSION = 5.0;
				TARGETED_DEVICE_FAMILY = 1;
			};
			name = Debug;
		};
		C9C8907A2AE103A30010240A /* Release */ = {
			isa = XCBuildConfiguration;
			buildSettings = {
				ASSETCATALOG_COMPILER_APPICON_NAME = AppIcon;
				ASSETCATALOG_COMPILER_GLOBAL_ACCENT_COLOR_NAME = AccentColor;
				CODE_SIGN_STYLE = Automatic;
				CURRENT_PROJECT_VERSION = 1;
				DEVELOPMENT_TEAM = 5JQS3FU5R6;
				GENERATE_INFOPLIST_FILE = YES;
				INFOPLIST_FILE = posepicker/Resources/Info.plist;
				INFOPLIST_KEY_UIApplicationSupportsIndirectInputEvents = YES;
				INFOPLIST_KEY_UILaunchStoryboardName = LaunchScreen;
				INFOPLIST_KEY_UISupportedInterfaceOrientations_iPad = "UIInterfaceOrientationPortrait UIInterfaceOrientationPortraitUpsideDown UIInterfaceOrientationLandscapeLeft UIInterfaceOrientationLandscapeRight";
				INFOPLIST_KEY_UISupportedInterfaceOrientations_iPhone = "UIInterfaceOrientationPortrait UIInterfaceOrientationLandscapeLeft UIInterfaceOrientationLandscapeRight";
				IPHONEOS_DEPLOYMENT_TARGET = 16.0;
				LD_RUNPATH_SEARCH_PATHS = (
					"$(inherited)",
					"@executable_path/Frameworks",
				);
				MARKETING_VERSION = 1.0;
				PRODUCT_BUNDLE_IDENTIFIER = com.parkjju.posepicker;
				PRODUCT_NAME = "$(TARGET_NAME)";
				SUPPORTED_PLATFORMS = "iphoneos iphonesimulator";
				SUPPORTS_MACCATALYST = NO;
				SUPPORTS_MAC_DESIGNED_FOR_IPHONE_IPAD = NO;
				SWIFT_EMIT_LOC_STRINGS = YES;
				SWIFT_VERSION = 5.0;
				TARGETED_DEVICE_FAMILY = 1;
			};
			name = Release;
		};
		C9C8907C2AE103A30010240A /* Debug */ = {
			isa = XCBuildConfiguration;
			buildSettings = {
				ALWAYS_EMBED_SWIFT_STANDARD_LIBRARIES = YES;
				BUNDLE_LOADER = "$(TEST_HOST)";
				CODE_SIGN_STYLE = Automatic;
				CURRENT_PROJECT_VERSION = 1;
				DEVELOPMENT_TEAM = 5JQS3FU5R6;
				GENERATE_INFOPLIST_FILE = YES;
				IPHONEOS_DEPLOYMENT_TARGET = 16.4;
				MARKETING_VERSION = 1.0;
				PRODUCT_BUNDLE_IDENTIFIER = com.parkjju.posepickerTests;
				PRODUCT_NAME = "$(TARGET_NAME)";
				SWIFT_EMIT_LOC_STRINGS = NO;
				SWIFT_VERSION = 5.0;
				TARGETED_DEVICE_FAMILY = "1,2";
				TEST_HOST = "$(BUILT_PRODUCTS_DIR)/posepicker.app/$(BUNDLE_EXECUTABLE_FOLDER_PATH)/posepicker";
			};
			name = Debug;
		};
		C9C8907D2AE103A30010240A /* Release */ = {
			isa = XCBuildConfiguration;
			buildSettings = {
				ALWAYS_EMBED_SWIFT_STANDARD_LIBRARIES = YES;
				BUNDLE_LOADER = "$(TEST_HOST)";
				CODE_SIGN_STYLE = Automatic;
				CURRENT_PROJECT_VERSION = 1;
				DEVELOPMENT_TEAM = 5JQS3FU5R6;
				GENERATE_INFOPLIST_FILE = YES;
				IPHONEOS_DEPLOYMENT_TARGET = 16.4;
				MARKETING_VERSION = 1.0;
				PRODUCT_BUNDLE_IDENTIFIER = com.parkjju.posepickerTests;
				PRODUCT_NAME = "$(TARGET_NAME)";
				SWIFT_EMIT_LOC_STRINGS = NO;
				SWIFT_VERSION = 5.0;
				TARGETED_DEVICE_FAMILY = "1,2";
				TEST_HOST = "$(BUILT_PRODUCTS_DIR)/posepicker.app/$(BUNDLE_EXECUTABLE_FOLDER_PATH)/posepicker";
			};
			name = Release;
		};
		C9C8907F2AE103A30010240A /* Debug */ = {
			isa = XCBuildConfiguration;
			buildSettings = {
				ALWAYS_EMBED_SWIFT_STANDARD_LIBRARIES = YES;
				CODE_SIGN_STYLE = Automatic;
				CURRENT_PROJECT_VERSION = 1;
				DEVELOPMENT_TEAM = 5JQS3FU5R6;
				GENERATE_INFOPLIST_FILE = YES;
				MARKETING_VERSION = 1.0;
				PRODUCT_BUNDLE_IDENTIFIER = com.parkjju.posepickerUITests;
				PRODUCT_NAME = "$(TARGET_NAME)";
				SWIFT_EMIT_LOC_STRINGS = NO;
				SWIFT_VERSION = 5.0;
				TARGETED_DEVICE_FAMILY = "1,2";
				TEST_TARGET_NAME = posepicker;
			};
			name = Debug;
		};
		C9C890802AE103A30010240A /* Release */ = {
			isa = XCBuildConfiguration;
			buildSettings = {
				ALWAYS_EMBED_SWIFT_STANDARD_LIBRARIES = YES;
				CODE_SIGN_STYLE = Automatic;
				CURRENT_PROJECT_VERSION = 1;
				DEVELOPMENT_TEAM = 5JQS3FU5R6;
				GENERATE_INFOPLIST_FILE = YES;
				MARKETING_VERSION = 1.0;
				PRODUCT_BUNDLE_IDENTIFIER = com.parkjju.posepickerUITests;
				PRODUCT_NAME = "$(TARGET_NAME)";
				SWIFT_EMIT_LOC_STRINGS = NO;
				SWIFT_VERSION = 5.0;
				TARGETED_DEVICE_FAMILY = "1,2";
				TEST_TARGET_NAME = posepicker;
			};
			name = Release;
		};
/* End XCBuildConfiguration section */

/* Begin XCConfigurationList section */
		C9C890492AE103A10010240A /* Build configuration list for PBXProject "posepicker" */ = {
			isa = XCConfigurationList;
			buildConfigurations = (
				C9C890762AE103A30010240A /* Debug */,
				C9C890772AE103A30010240A /* Release */,
			);
			defaultConfigurationIsVisible = 0;
			defaultConfigurationName = Release;
		};
		C9C890782AE103A30010240A /* Build configuration list for PBXNativeTarget "posepicker" */ = {
			isa = XCConfigurationList;
			buildConfigurations = (
				C9C890792AE103A30010240A /* Debug */,
				C9C8907A2AE103A30010240A /* Release */,
			);
			defaultConfigurationIsVisible = 0;
			defaultConfigurationName = Release;
		};
		C9C8907B2AE103A30010240A /* Build configuration list for PBXNativeTarget "posepickerTests" */ = {
			isa = XCConfigurationList;
			buildConfigurations = (
				C9C8907C2AE103A30010240A /* Debug */,
				C9C8907D2AE103A30010240A /* Release */,
			);
			defaultConfigurationIsVisible = 0;
			defaultConfigurationName = Release;
		};
		C9C8907E2AE103A30010240A /* Build configuration list for PBXNativeTarget "posepickerUITests" */ = {
			isa = XCConfigurationList;
			buildConfigurations = (
				C9C8907F2AE103A30010240A /* Debug */,
				C9C890802AE103A30010240A /* Release */,
			);
			defaultConfigurationIsVisible = 0;
			defaultConfigurationName = Release;
		};
/* End XCConfigurationList section */

/* Begin XCRemoteSwiftPackageReference section */
		880E75432AE6BFA3007FAD5A /* XCRemoteSwiftPackageReference "Alamofire" */ = {
			isa = XCRemoteSwiftPackageReference;
			repositoryURL = "https://github.com/Alamofire/Alamofire.git";
			requirement = {
				kind = upToNextMajorVersion;
				minimumVersion = 5.0.0;
			};
		};
		C94FD2932AE39E5C003777EB /* XCRemoteSwiftPackageReference "SnapKit" */ = {
			isa = XCRemoteSwiftPackageReference;
			repositoryURL = "https://github.com/SnapKit/SnapKit.git";
			requirement = {
				kind = upToNextMajorVersion;
				minimumVersion = 5.0.0;
			};
		};
		C94FD2962AE39E6B003777EB /* XCRemoteSwiftPackageReference "Then" */ = {
			isa = XCRemoteSwiftPackageReference;
			repositoryURL = "https://github.com/devxoul/Then.git";
			requirement = {
				kind = upToNextMajorVersion;
				minimumVersion = 3.0.0;
			};
		};
		C9C0CDC62AF1D9160041E423 /* XCRemoteSwiftPackageReference "Kingfisher" */ = {
			isa = XCRemoteSwiftPackageReference;
			repositoryURL = "https://github.com/onevcat/Kingfisher.git";
			requirement = {
				kind = upToNextMajorVersion;
				minimumVersion = 7.0.0;
			};
		};
		C9C8908F2AE107730010240A /* XCRemoteSwiftPackageReference "RxSwift" */ = {
			isa = XCRemoteSwiftPackageReference;
			repositoryURL = "https://github.com/ReactiveX/RxSwift.git";
			requirement = {
				kind = upToNextMajorVersion;
				minimumVersion = 6.0.0;
			};
		};
		C9C890C02AE113590010240A /* XCRemoteSwiftPackageReference "lottie-ios" */ = {
			isa = XCRemoteSwiftPackageReference;
			repositoryURL = "https://github.com/airbnb/lottie-ios.git";
			requirement = {
				kind = upToNextMajorVersion;
				minimumVersion = 4.0.0;
			};
		};
/* End XCRemoteSwiftPackageReference section */

/* Begin XCSwiftPackageProductDependency section */
		880E75442AE6BFA3007FAD5A /* Alamofire */ = {
			isa = XCSwiftPackageProductDependency;
			package = 880E75432AE6BFA3007FAD5A /* XCRemoteSwiftPackageReference "Alamofire" */;
			productName = Alamofire;
		};
		C94FD2942AE39E5C003777EB /* SnapKit */ = {
			isa = XCSwiftPackageProductDependency;
			package = C94FD2932AE39E5C003777EB /* XCRemoteSwiftPackageReference "SnapKit" */;
			productName = SnapKit;
		};
		C94FD2972AE39E6B003777EB /* Then */ = {
			isa = XCSwiftPackageProductDependency;
			package = C94FD2962AE39E6B003777EB /* XCRemoteSwiftPackageReference "Then" */;
			productName = Then;
		};
		C9C0CDC72AF1D9160041E423 /* Kingfisher */ = {
			isa = XCSwiftPackageProductDependency;
			package = C9C0CDC62AF1D9160041E423 /* XCRemoteSwiftPackageReference "Kingfisher" */;
			productName = Kingfisher;
		};
		C9C890902AE107730010240A /* RxBlocking */ = {
			isa = XCSwiftPackageProductDependency;
			package = C9C8908F2AE107730010240A /* XCRemoteSwiftPackageReference "RxSwift" */;
			productName = RxBlocking;
		};
		C9C890922AE107730010240A /* RxCocoa */ = {
			isa = XCSwiftPackageProductDependency;
			package = C9C8908F2AE107730010240A /* XCRemoteSwiftPackageReference "RxSwift" */;
			productName = RxCocoa;
		};
		C9C890942AE107730010240A /* RxRelay */ = {
			isa = XCSwiftPackageProductDependency;
			package = C9C8908F2AE107730010240A /* XCRemoteSwiftPackageReference "RxSwift" */;
			productName = RxRelay;
		};
		C9C890962AE107730010240A /* RxSwift */ = {
			isa = XCSwiftPackageProductDependency;
			package = C9C8908F2AE107730010240A /* XCRemoteSwiftPackageReference "RxSwift" */;
			productName = RxSwift;
		};
		C9C890C12AE113590010240A /* Lottie */ = {
			isa = XCSwiftPackageProductDependency;
			package = C9C890C02AE113590010240A /* XCRemoteSwiftPackageReference "lottie-ios" */;
			productName = Lottie;
		};
/* End XCSwiftPackageProductDependency section */
	};
	rootObject = C9C890462AE103A10010240A /* Project object */;
}
